{
  "nodes": {
    "nixlib": {
      "locked": {
        "lastModified": 1788660765,
        "narHash": "sha256-TCZVUt24NVtTCjGzW+MW9ix+/SY8bNsUQUaOCvICZlY=",
        "owner": "nix-community",
        "repo": "nixpkgs.lib",
        "rev": "a8f6bc6a09bcef940b4568f2b5f5532dcc19f8db",
        "type": "github"
      },
      "original": {
        "owner": "nix-community",
        "repo": "nixpkgs.lib",
        "type": "github"
      }
    },
    "nixpkgs": {
      "locked": {
        "lastModified": 1788953386,
        "narHash": "sha256-dIqD4NX3Uldk29CBqKt9dRdSxh/+Ba8lVPu2xEsLTJo=",
        "owner": "NixOS",
        "repo": "nixpkgs",
        "rev": "19a27817106f9449970edb3a398ab5349666466f",
        "type": "github"
      },
      "original": {
        "owner": "NixOS",
        "ref": "nixpkgs-unstable",
        "repo": "nixpkgs",
        "type": "github"
      }
    },
    "root": {
      "inputs": {
        "nixlib": "nixlib",
        "nixpkgs": "nixpkgs"
      }
    }
  },
  "root": "root",
  "version": 7
}
